{
  "name": "agent-history",
  "version": "0.3.0",
  "lockfileVersion": 3,
  "requires": true,
  "packages": {
    "": {
      "name": "agent-history",
      "version": "0.3.0",
      "license": "MIT",
      "bin": {
        "agent-history": "bin/agent-history.js"
      },
      "engines": {
        "node": ">=18"
      }
    }
  }
}
